// !$*UTF8*$!
{
	archiveVersion = 1;
	classes = {
	};
	objectVersion = 77;
	objects = {

/* Begin PBXContainerItemProxy section */
		221E61EF2D51442A00E3785A /* PBXContainerItemProxy */ = {
			isa = PBXContainerItemProxy;
			containerPortal = 221E61D42D51442800E3785A /* Project object */;
			proxyType = 1;
			remoteGlobalIDString = 221E61DB2D51442800E3785A;
			remoteInfo = TheCatPokedexApp;
		};
		221E61F92D51442A00E3785A /* PBXContainerItemProxy */ = {
			isa = PBXContainerItemProxy;
			containerPortal = 221E61D42D51442800E3785A /* Project object */;
			proxyType = 1;
			remoteGlobalIDString = 221E61DB2D51442800E3785A;
			remoteInfo = TheCatPokedexApp;
		};
/* End PBXContainerItemProxy section */

/* Begin PBXFileReference section */
		221E61DC2D51442800E3785A /* TheCatPokedexApp.app */ = {isa = PBXFileReference; explicitFileType = wrapper.application; includeInIndex = 0; path = TheCatPokedexApp.app; sourceTree = BUILT_PRODUCTS_DIR; };
		221E61EE2D51442A00E3785A /* TheCatPokedexAppTests.xctest */ = {isa = PBXFileReference; explicitFileType = wrapper.cfbundle; includeInIndex = 0; path = TheCatPokedexAppTests.xctest; sourceTree = BUILT_PRODUCTS_DIR; };
		221E61F82D51442A00E3785A /* TheCatPokedexAppUITests.xctest */ = {isa = PBXFileReference; explicitFileType = wrapper.cfbundle; includeInIndex = 0; path = TheCatPokedexAppUITests.xctest; sourceTree = BUILT_PRODUCTS_DIR; };
/* End PBXFileReference section */

/* Begin PBXFileSystemSynchronizedBuildFileExceptionSet section */
		221E62242D5156E700E3785A /* Exceptions for "TheCatPokedexApp" folder in "TheCatPokedexApp" target */ = {
			isa = PBXFileSystemSynchronizedBuildFileExceptionSet;
			membershipExceptions = (
				Info.plist,
			);
			target = 221E61DB2D51442800E3785A /* TheCatPokedexApp */;
		};
		221E62C32D5286A500E3785A /* Exceptions for "TheCatPokedexAppTests" folder in "TheCatPokedexApp" target */ = {
			isa = PBXFileSystemSynchronizedBuildFileExceptionSet;
			membershipExceptions = (
				MockData/CatsMockData.json,
				MockData/CatsPageMockData.json,
			);
			target = 221E61DB2D51442800E3785A /* TheCatPokedexApp */;
		};
		221E63052D528FC200E3785A /* Exceptions for "TheCatPokedexAppTests" folder in "TheCatPokedexAppTests" target */ = {
			isa = PBXFileSystemSynchronizedBuildFileExceptionSet;
			membershipExceptions = (
				MockData/CatsPageMockData.json,
			);
			target = 221E61ED2D51442A00E3785A /* TheCatPokedexAppTests */;
		};
/* End PBXFileSystemSynchronizedBuildFileExceptionSet section */

/* Begin PBXFileSystemSynchronizedGroupBuildPhaseMembershipExceptionSet section */
		221E63062D528FC200E3785A /* Exceptions for "TheCatPokedexAppTests" folder in "Compile Sources" phase from "TheCatPokedexAppTests" target */ = {
			isa = PBXFileSystemSynchronizedGroupBuildPhaseMembershipExceptionSet;
			buildPhase = 221E61EA2D51442A00E3785A /* Sources */;
			membershipExceptions = (
				MockData/CatsPageMockData.json,
			);
		};
/* End PBXFileSystemSynchronizedGroupBuildPhaseMembershipExceptionSet section */

/* Begin PBXFileSystemSynchronizedRootGroup section */
		221E61DE2D51442800E3785A /* TheCatPokedexApp */ = {
			isa = PBXFileSystemSynchronizedRootGroup;
			exceptions = (
				221E62242D5156E700E3785A /* Exceptions for "TheCatPokedexApp" folder in "TheCatPokedexApp" target */,
			);
			path = TheCatPokedexApp;
			sourceTree = "<group>";
		};
		221E61F12D51442A00E3785A /* TheCatPokedexAppTests */ = {
			isa = PBXFileSystemSynchronizedRootGroup;
			exceptions = (
				221E62C32D5286A500E3785A /* Exceptions for "TheCatPokedexAppTests" folder in "TheCatPokedexApp" target */,
				221E63052D528FC200E3785A /* Exceptions for "TheCatPokedexAppTests" folder in "TheCatPokedexAppTests" target */,
				221E63062D528FC200E3785A /* Exceptions for "TheCatPokedexAppTests" folder in "Compile Sources" phase from "TheCatPokedexAppTests" target */,
			);
			path = TheCatPokedexAppTests;
			sourceTree = "<group>";
		};
		221E61FB2D51442A00E3785A /* TheCatPokedexAppUITests */ = {
			isa = PBXFileSystemSynchronizedRootGroup;
			path = TheCatPokedexAppUITests;
			sourceTree = "<group>";
		};
/* End PBXFileSystemSynchronizedRootGroup section */

/* Begin PBXFrameworksBuildPhase section */
		221E61D92D51442800E3785A /* Frameworks */ = {
			isa = PBXFrameworksBuildPhase;
			buildActionMask = 2147483647;
			files = (
			);
			runOnlyForDeploymentPostprocessing = 0;
		};
		221E61EB2D51442A00E3785A /* Frameworks */ = {
			isa = PBXFrameworksBuildPhase;
			buildActionMask = 2147483647;
			files = (
			);
			runOnlyForDeploymentPostprocessing = 0;
		};
		221E61F52D51442A00E3785A /* Frameworks */ = {
			isa = PBXFrameworksBuildPhase;
			buildActionMask = 2147483647;
			files = (
			);
			runOnlyForDeploymentPostprocessing = 0;
		};
/* End PBXFrameworksBuildPhase section */

/* Begin PBXGroup section */
		221E61D32D51442800E3785A = {
			isa = PBXGroup;
			children = (
				221E61DE2D51442800E3785A /* TheCatPokedexApp */,
				221E61F12D51442A00E3785A /* TheCatPokedexAppTests */,
				221E61FB2D51442A00E3785A /* TheCatPokedexAppUITests */,
				221E61DD2D51442800E3785A /* Products */,
			);
			sourceTree = "<group>";
		};
		221E61DD2D51442800E3785A /* Products */ = {
			isa = PBXGroup;
			children = (
				221E61DC2D51442800E3785A /* TheCatPokedexApp.app */,
				221E61EE2D51442A00E3785A /* TheCatPokedexAppTests.xctest */,
				221E61F82D51442A00E3785A /* TheCatPokedexAppUITests.xctest */,
			);
			name = Products;
			sourceTree = "<group>";
		};
/* End PBXGroup section */

/* Begin PBXNativeTarget section */
		221E61DB2D51442800E3785A /* TheCatPokedexApp */ = {
			isa = PBXNativeTarget;
			buildConfigurationList = 221E62022D51442A00E3785A /* Build configuration list for PBXNativeTarget "TheCatPokedexApp" */;
			buildPhases = (
				221E61D82D51442800E3785A /* Sources */,
				221E61D92D51442800E3785A /* Frameworks */,
				221E61DA2D51442800E3785A /* Resources */,
			);
			buildRules = (
			);
			dependencies = (
			);
			fileSystemSynchronizedGroups = (
				221E61DE2D51442800E3785A /* TheCatPokedexApp */,
			);
			name = TheCatPokedexApp;
			packageProductDependencies = (
			);
			productName = TheCatPokedexApp;
			productReference = 221E61DC2D51442800E3785A /* TheCatPokedexApp.app */;
			productType = "com.apple.product-type.application";
		};
		221E61ED2D51442A00E3785A /* TheCatPokedexAppTests */ = {
			isa = PBXNativeTarget;
			buildConfigurationList = 221E62052D51442A00E3785A /* Build configuration list for PBXNativeTarget "TheCatPokedexAppTests" */;
			buildPhases = (
				221E61EA2D51442A00E3785A /* Sources */,
				221E61EB2D51442A00E3785A /* Frameworks */,
				221E61EC2D51442A00E3785A /* Resources */,
			);
			buildRules = (
			);
			dependencies = (
				221E61F02D51442A00E3785A /* PBXTargetDependency */,
			);
			fileSystemSynchronizedGroups = (
				221E61F12D51442A00E3785A /* TheCatPokedexAppTests */,
			);
			name = TheCatPokedexAppTests;
			packageProductDependencies = (
			);
			productName = TheCatPokedexAppTests;
			productReference = 221E61EE2D51442A00E3785A /* TheCatPokedexAppTests.xctest */;
			productType = "com.apple.product-type.bundle.unit-test";
		};
		221E61F72D51442A00E3785A /* TheCatPokedexAppUITests */ = {
			isa = PBXNativeTarget;
			buildConfigurationList = 221E62082D51442A00E3785A /* Build configuration list for PBXNativeTarget "TheCatPokedexAppUITests" */;
			buildPhases = (
				221E61F42D51442A00E3785A /* Sources */,
				221E61F52D51442A00E3785A /* Frameworks */,
				221E61F62D51442A00E3785A /* Resources */,
			);
			buildRules = (
			);
			dependencies = (
				221E61FA2D51442A00E3785A /* PBXTargetDependency */,
			);
			fileSystemSynchronizedGroups = (
				221E61FB2D51442A00E3785A /* TheCatPokedexAppUITests */,
			);
			name = TheCatPokedexAppUITests;
			packageProductDependencies = (
			);
			productName = TheCatPokedexAppUITests;
			productReference = 221E61F82D51442A00E3785A /* TheCatPokedexAppUITests.xctest */;
			productType = "com.apple.product-type.bundle.ui-testing";
		};
/* End PBXNativeTarget section */

/* Begin PBXProject section */
		221E61D42D51442800E3785A /* Project object */ = {
			isa = PBXProject;
			attributes = {
				BuildIndependentTargetsInParallel = 1;
				LastSwiftUpdateCheck = 1620;
				LastUpgradeCheck = 1620;
				TargetAttributes = {
					221E61DB2D51442800E3785A = {
						CreatedOnToolsVersion = 16.2;
					};
					221E61ED2D51442A00E3785A = {
						CreatedOnToolsVersion = 16.2;
						TestTargetID = 221E61DB2D51442800E3785A;
					};
					221E61F72D51442A00E3785A = {
						CreatedOnToolsVersion = 16.2;
						TestTargetID = 221E61DB2D51442800E3785A;
					};
				};
			};
			buildConfigurationList = 221E61D72D51442800E3785A /* Build configuration list for PBXProject "TheCatPokedexApp" */;
			developmentRegion = en;
			hasScannedForEncodings = 0;
			knownRegions = (
				en,
				Base,
			);
			mainGroup = 221E61D32D51442800E3785A;
			minimizedProjectReferenceProxies = 1;
			preferredProjectObjectVersion = 77;
			productRefGroup = 221E61DD2D51442800E3785A /* Products */;
			projectDirPath = "";
			projectRoot = "";
			targets = (
				221E61DB2D51442800E3785A /* TheCatPokedexApp */,
				221E61ED2D51442A00E3785A /* TheCatPokedexAppTests */,
				221E61F72D51442A00E3785A /* TheCatPokedexAppUITests */,
			);
		};
/* End PBXProject section */

/* Begin PBXResourcesBuildPhase section */
		221E61DA2D51442800E3785A /* Resources */ = {
			isa = PBXResourcesBuildPhase;
			buildActionMask = 2147483647;
			files = (
			);
			runOnlyForDeploymentPostprocessing = 0;
		};
		221E61EC2D51442A00E3785A /* Resources */ = {
			isa = PBXResourcesBuildPhase;
			buildActionMask = 2147483647;
			files = (
			);
			runOnlyForDeploymentPostprocessing = 0;
		};
		221E61F62D51442A00E3785A /* Resources */ = {
			isa = PBXResourcesBuildPhase;
			buildActionMask = 2147483647;
			files = (
			);
			runOnlyForDeploymentPostprocessing = 0;
		};
/* End PBXResourcesBuildPhase section */

/* Begin PBXSourcesBuildPhase section */
		221E61D82D51442800E3785A /* Sources */ = {
			isa = PBXSourcesBuildPhase;
			buildActionMask = 2147483647;
			files = (
			);
			runOnlyForDeploymentPostprocessing = 0;
		};
		221E61EA2D51442A00E3785A /* Sources */ = {
			isa = PBXSourcesBuildPhase;
			buildActionMask = 2147483647;
			files = (
			);
			runOnlyForDeploymentPostprocessing = 0;
		};
		221E61F42D51442A00E3785A /* Sources */ = {
			isa = PBXSourcesBuildPhase;
			buildActionMask = 2147483647;
			files = (
			);
			runOnlyForDeploymentPostprocessing = 0;
		};
/* End PBXSourcesBuildPhase section */

/* Begin PBXTargetDependency section */
		221E61F02D51442A00E3785A /* PBXTargetDependency */ = {
			isa = PBXTargetDependency;
			target = 221E61DB2D51442800E3785A /* TheCatPokedexApp */;
			targetProxy = 221E61EF2D51442A00E3785A /* PBXContainerItemProxy */;
		};
		221E61FA2D51442A00E3785A /* PBXTargetDependency */ = {
			isa = PBXTargetDependency;
			target = 221E61DB2D51442800E3785A /* TheCatPokedexApp */;
			targetProxy = 221E61F92D51442A00E3785A /* PBXContainerItemProxy */;
		};
/* End PBXTargetDependency section */

/* Begin XCBuildConfiguration section */
		221E62002D51442A00E3785A /* Debug */ = {
			isa = XCBuildConfiguration;
			baseConfigurationReferenceAnchor = 221E61DE2D51442800E3785A /* TheCatPokedexApp */;
			baseConfigurationReferenceRelativePath = Secrets.xcconfig;
			buildSettings = {
				ALWAYS_SEARCH_USER_PATHS = NO;
				ASSETCATALOG_COMPILER_GENERATE_SWIFT_ASSET_SYMBOL_EXTENSIONS = YES;
				CLANG_ANALYZER_NONNULL = YES;
				CLANG_ANALYZER_NUMBER_OBJECT_CONVERSION = YES_AGGRESSIVE;
				CLANG_CXX_LANGUAGE_STANDARD = "gnu++20";
				CLANG_ENABLE_MODULES = YES;
				CLANG_ENABLE_OBJC_ARC = YES;
				CLANG_ENABLE_OBJC_WEAK = YES;
				CLANG_WARN_BLOCK_CAPTURE_AUTORELEASING = YES;
				CLANG_WARN_BOOL_CONVERSION = YES;
				CLANG_WARN_COMMA = YES;
				CLANG_WARN_CONSTANT_CONVERSION = YES;
				CLANG_WARN_DEPRECATED_OBJC_IMPLEMENTATIONS = YES;
				CLANG_WARN_DIRECT_OBJC_ISA_USAGE = YES_ERROR;
				CLANG_WARN_DOCUMENTATION_COMMENTS = YES;
				CLANG_WARN_EMPTY_BODY = YES;
				CLANG_WARN_ENUM_CONVERSION = YES;
				CLANG_WARN_INFINITE_RECURSION = YES;
				CLANG_WARN_INT_CONVERSION = YES;
				CLANG_WARN_NON_LITERAL_NULL_CONVERSION = YES;
				CLANG_WARN_OBJC_IMPLICIT_RETAIN_SELF = YES;
				CLANG_WARN_OBJC_LITERAL_CONVERSION = YES;
				CLANG_WARN_OBJC_ROOT_CLASS = YES_ERROR;
				CLANG_WARN_QUOTED_INCLUDE_IN_FRAMEWORK_HEADER = YES;
				CLANG_WARN_RANGE_LOOP_ANALYSIS = YES;
				CLANG_WARN_STRICT_PROTOTYPES = YES;
				CLANG_WARN_SUSPICIOUS_MOVE = YES;
				CLANG_WARN_UNGUARDED_AVAILABILITY = YES_AGGRESSIVE;
				CLANG_WARN_UNREACHABLE_CODE = YES;
				CLANG_WARN__DUPLICATE_METHOD_MATCH = YES;
				COPY_PHASE_STRIP = NO;
				DEBUG_INFORMATION_FORMAT = dwarf;
				ENABLE_STRICT_OBJC_MSGSEND = YES;
				ENABLE_TESTABILITY = YES;
				ENABLE_USER_SCRIPT_SANDBOXING = YES;
				GCC_C_LANGUAGE_STANDARD = gnu17;
				GCC_DYNAMIC_NO_PIC = NO;
				GCC_NO_COMMON_BLOCKS = YES;
				GCC_OPTIMIZATION_LEVEL = 0;
				GCC_PREPROCESSOR_DEFINITIONS = (
					"DEBUG=1",
					"$(inherited)",
				);
				GCC_WARN_64_TO_32_BIT_CONVERSION = YES;
				GCC_WARN_ABOUT_RETURN_TYPE = YES_ERROR;
				GCC_WARN_UNDECLARED_SELECTOR = YES;
				GCC_WARN_UNINITIALIZED_AUTOS = YES_AGGRESSIVE;
				GCC_WARN_UNUSED_FUNCTION = YES;
				GCC_WARN_UNUSED_VARIABLE = YES;
				IPHONEOS_DEPLOYMENT_TARGET = 18.2;
				LOCALIZATION_PREFERS_STRING_CATALOGS = YES;
				MTL_ENABLE_DEBUG_INFO = INCLUDE_SOURCE;
				MTL_FAST_MATH = YES;
				ONLY_ACTIVE_ARCH = YES;
				SDKROOT = iphoneos;
				SWIFT_ACTIVE_COMPILATION_CONDITIONS = "DEBUG $(inherited)";
				SWIFT_OPTIMIZATION_LEVEL = "-Onone";
			};
			name = Debug;
		};
		221E62012D51442A00E3785A /* Release */ = {
			isa = XCBuildConfiguration;
			baseConfigurationReferenceAnchor = 221E61DE2D51442800E3785A /* TheCatPokedexApp */;
			baseConfigurationReferenceRelativePath = Secrets.xcconfig;
			buildSettings = {
				ALWAYS_SEARCH_USER_PATHS = NO;
				ASSETCATALOG_COMPILER_GENERATE_SWIFT_ASSET_SYMBOL_EXTENSIONS = YES;
				CLANG_ANALYZER_NONNULL = YES;
				CLANG_ANALYZER_NUMBER_OBJECT_CONVERSION = YES_AGGRESSIVE;
				CLANG_CXX_LANGUAGE_STANDARD = "gnu++20";
				CLANG_ENABLE_MODULES = YES;
				CLANG_ENABLE_OBJC_ARC = YES;
				CLANG_ENABLE_OBJC_WEAK = YES;
				CLANG_WARN_BLOCK_CAPTURE_AUTORELEASING = YES;
				CLANG_WARN_BOOL_CONVERSION = YES;
				CLANG_WARN_COMMA = YES;
				CLANG_WARN_CONSTANT_CONVERSION = YES;
				CLANG_WARN_DEPRECATED_OBJC_IMPLEMENTATIONS = YES;
				CLANG_WARN_DIRECT_OBJC_ISA_USAGE = YES_ERROR;
				CLANG_WARN_DOCUMENTATION_COMMENTS = YES;
				CLANG_WARN_EMPTY_BODY = YES;
				CLANG_WARN_ENUM_CONVERSION = YES;
				CLANG_WARN_INFINITE_RECURSION = YES;
				CLANG_WARN_INT_CONVERSION = YES;
				CLANG_WARN_NON_LITERAL_NULL_CONVERSION = YES;
				CLANG_WARN_OBJC_IMPLICIT_RETAIN_SELF = YES;
				CLANG_WARN_OBJC_LITERAL_CONVERSION = YES;
				CLANG_WARN_OBJC_ROOT_CLASS = YES_ERROR;
				CLANG_WARN_QUOTED_INCLUDE_IN_FRAMEWORK_HEADER = YES;
				CLANG_WARN_RANGE_LOOP_ANALYSIS = YES;
				CLANG_WARN_STRICT_PROTOTYPES = YES;
				CLANG_WARN_SUSPICIOUS_MOVE = YES;
				CLANG_WARN_UNGUARDED_AVAILABILITY = YES_AGGRESSIVE;
				CLANG_WARN_UNREACHABLE_CODE = YES;
				CLANG_WARN__DUPLICATE_METHOD_MATCH = YES;
				COPY_PHASE_STRIP = NO;
				DEBUG_INFORMATION_FORMAT = "dwarf-with-dsym";
				ENABLE_NS_ASSERTIONS = NO;
				ENABLE_STRICT_OBJC_MSGSEND = YES;
				ENABLE_USER_SCRIPT_SANDBOXING = YES;
				GCC_C_LANGUAGE_STANDARD = gnu17;
				GCC_NO_COMMON_BLOCKS = YES;
				GCC_WARN_64_TO_32_BIT_CONVERSION = YES;
				GCC_WARN_ABOUT_RETURN_TYPE = YES_ERROR;
				GCC_WARN_UNDECLARED_SELECTOR = YES;
				GCC_WARN_UNINITIALIZED_AUTOS = YES_AGGRESSIVE;
				GCC_WARN_UNUSED_FUNCTION = YES;
				GCC_WARN_UNUSED_VARIABLE = YES;
				IPHONEOS_DEPLOYMENT_TARGET = 18.2;
				LOCALIZATION_PREFERS_STRING_CATALOGS = YES;
				MTL_ENABLE_DEBUG_INFO = NO;
				MTL_FAST_MATH = YES;
				SDKROOT = iphoneos;
				SWIFT_COMPILATION_MODE = wholemodule;
				VALIDATE_PRODUCT = YES;
			};
			name = Release;
		};
		221E62032D51442A00E3785A /* Debug */ = {
			isa = XCBuildConfiguration;
			buildSettings = {
				ASSETCATALOG_COMPILER_APPICON_NAME = AppIcon;
				ASSETCATALOG_COMPILER_GLOBAL_ACCENT_COLOR_NAME = AccentColor;
				CODE_SIGN_STYLE = Automatic;
				CURRENT_PROJECT_VERSION = 1;
				DEVELOPMENT_ASSET_PATHS = "\"TheCatPokedexApp/Preview Content\"";
				DEVELOPMENT_TEAM = 2U49T83TPH;
				ENABLE_PREVIEWS = YES;
				GENERATE_INFOPLIST_FILE = YES;
				INFOPLIST_FILE = TheCatPokedexApp/Info.plist;
				INFOPLIST_KEY_UIApplicationSceneManifest_Generation = YES;
				INFOPLIST_KEY_UIApplicationSupportsIndirectInputEvents = YES;
				INFOPLIST_KEY_UILaunchScreen_Generation = YES;
				INFOPLIST_KEY_UISupportedInterfaceOrientations_iPad = "UIInterfaceOrientationPortrait UIInterfaceOrientationPortraitUpsideDown UIInterfaceOrientationLandscapeLeft UIInterfaceOrientationLandscapeRight";
				INFOPLIST_KEY_UISupportedInterfaceOrientations_iPhone = "UIInterfaceOrientationPortrait UIInterfaceOrientationLandscapeLeft UIInterfaceOrientationLandscapeRight";
				LD_RUNPATH_SEARCH_PATHS = (
					"$(inherited)",
					"@executable_path/Frameworks",
				);
				MARKETING_VERSION = 1.0;
				PRODUCT_BUNDLE_IDENTIFIER = DiegoM1.TheCatPokedexApp;
				PRODUCT_NAME = "$(TARGET_NAME)";
				SWIFT_EMIT_LOC_STRINGS = YES;
				SWIFT_VERSION = 5.0;
				TARGETED_DEVICE_FAMILY = "1,2";
			};
			name = Debug;
		};
		221E62042D51442A00E3785A /* Release */ = {
			isa = XCBuildConfiguration;
			buildSettings = {
				ASSETCATALOG_COMPILER_APPICON_NAME = AppIcon;
				ASSETCATALOG_COMPILER_GLOBAL_ACCENT_COLOR_NAME = AccentColor;
				CODE_SIGN_STYLE = Automatic;
				CURRENT_PROJECT_VERSION = 1;
				DEVELOPMENT_ASSET_PATHS = "\"TheCatPokedexApp/Preview Content\"";
				DEVELOPMENT_TEAM = 2U49T83TPH;
				ENABLE_PREVIEWS = YES;
				GENERATE_INFOPLIST_FILE = YES;
				INFOPLIST_FILE = TheCatPokedexApp/Info.plist;
				INFOPLIST_KEY_UIApplicationSceneManifest_Generation = YES;
				INFOPLIST_KEY_UIApplicationSupportsIndirectInputEvents = YES;
				INFOPLIST_KEY_UILaunchScreen_Generation = YES;
				INFOPLIST_KEY_UISupportedInterfaceOrientations_iPad = "UIInterfaceOrientationPortrait UIInterfaceOrientationPortraitUpsideDown UIInterfaceOrientationLandscapeLeft UIInterfaceOrientationLandscapeRight";
				INFOPLIST_KEY_UISupportedInterfaceOrientations_iPhone = "UIInterfaceOrientationPortrait UIInterfaceOrientationLandscapeLeft UIInterfaceOrientationLandscapeRight";
				LD_RUNPATH_SEARCH_PATHS = (
					"$(inherited)",
					"@executable_path/Frameworks",
				);
				MARKETING_VERSION = 1.0;
				PRODUCT_BUNDLE_IDENTIFIER = DiegoM1.TheCatPokedexApp;
				PRODUCT_NAME = "$(TARGET_NAME)";
				SWIFT_EMIT_LOC_STRINGS = YES;
				SWIFT_VERSION = 5.0;
				TARGETED_DEVICE_FAMILY = "1,2";
			};
			name = Release;
		};
		221E62062D51442A00E3785A /* Debug */ = {
			isa = XCBuildConfiguration;
			buildSettings = {
				BUNDLE_LOADER = "$(TEST_HOST)";
				CODE_SIGN_STYLE = Automatic;
				CURRENT_PROJECT_VERSION = 1;
				DEVELOPMENT_TEAM = 2U49T83TPH;
				GENERATE_INFOPLIST_FILE = YES;
				IPHONEOS_DEPLOYMENT_TARGET = 18.2;
				MARKETING_VERSION = 1.0;
				PRODUCT_BUNDLE_IDENTIFIER = DiegoM1.TheCatPokedexAppTests;
				PRODUCT_NAME = "$(TARGET_NAME)";
				SWIFT_EMIT_LOC_STRINGS = NO;
				SWIFT_VERSION = 5.0;
				TARGETED_DEVICE_FAMILY = "1,2";
				TEST_HOST = "$(BUILT_PRODUCTS_DIR)/TheCatPokedexApp.app/$(BUNDLE_EXECUTABLE_FOLDER_PATH)/TheCatPokedexApp";
			};
			name = Debug;
		};
		221E62072D51442A00E3785A /* Release */ = {
			isa = XCBuildConfiguration;
			buildSettings = {
				BUNDLE_LOADER = "$(TEST_HOST)";
				CODE_SIGN_STYLE = Automatic;
				CURRENT_PROJECT_VERSION = 1;
				DEVELOPMENT_TEAM = 2U49T83TPH;
				GENERATE_INFOPLIST_FILE = YES;
				IPHONEOS_DEPLOYMENT_TARGET = 18.2;
				MARKETING_VERSION = 1.0;
				PRODUCT_BUNDLE_IDENTIFIER = DiegoM1.TheCatPokedexAppTests;
				PRODUCT_NAME = "$(TARGET_NAME)";
				SWIFT_EMIT_LOC_STRINGS = NO;
				SWIFT_VERSION = 5.0;
				TARGETED_DEVICE_FAMILY = "1,2";
				TEST_HOST = "$(BUILT_PRODUCTS_DIR)/TheCatPokedexApp.app/$(BUNDLE_EXECUTABLE_FOLDER_PATH)/TheCatPokedexApp";
			};
			name = Release;
		};
		221E62092D51442A00E3785A /* Debug */ = {
			isa = XCBuildConfiguration;
			buildSettings = {
				CODE_SIGN_STYLE = Automatic;
				CURRENT_PROJECT_VERSION = 1;
				DEVELOPMENT_TEAM = 2U49T83TPH;
				GENERATE_INFOPLIST_FILE = YES;
				MARKETING_VERSION = 1.0;
				PRODUCT_BUNDLE_IDENTIFIER = DiegoM1.TheCatPokedexAppUITests;
				PRODUCT_NAME = "$(TARGET_NAME)";
				SWIFT_EMIT_LOC_STRINGS = NO;
				SWIFT_VERSION = 5.0;
				TARGETED_DEVICE_FAMILY = "1,2";
				TEST_TARGET_NAME = TheCatPokedexApp;
			};
			name = Debug;
		};
		221E620A2D51442A00E3785A /* Release */ = {
			isa = XCBuildConfiguration;
			buildSettings = {
				CODE_SIGN_STYLE = Automatic;
				CURRENT_PROJECT_VERSION = 1;
				DEVELOPMENT_TEAM = 2U49T83TPH;
				GENERATE_INFOPLIST_FILE = YES;
				MARKETING_VERSION = 1.0;
				PRODUCT_BUNDLE_IDENTIFIER = DiegoM1.TheCatPokedexAppUITests;
				PRODUCT_NAME = "$(TARGET_NAME)";
				SWIFT_EMIT_LOC_STRINGS = NO;
				SWIFT_VERSION = 5.0;
				TARGETED_DEVICE_FAMILY = "1,2";
				TEST_TARGET_NAME = TheCatPokedexApp;
			};
			name = Release;
		};
/* End XCBuildConfiguration section */

/* Begin XCConfigurationList section */
		221E61D72D51442800E3785A /* Build configuration list for PBXProject "TheCatPokedexApp" */ = {
			isa = XCConfigurationList;
			buildConfigurations = (
				221E62002D51442A00E3785A /* Debug */,
				221E62012D51442A00E3785A /* Release */,
			);
			defaultConfigurationIsVisible = 0;
			defaultConfigurationName = Release;
		};
		221E62022D51442A00E3785A /* Build configuration list for PBXNativeTarget "TheCatPokedexApp" */ = {
			isa = XCConfigurationList;
			buildConfigurations = (
				221E62032D51442A00E3785A /* Debug */,
				221E62042D51442A00E3785A /* Release */,
			);
			defaultConfigurationIsVisible = 0;
			defaultConfigurationName = Release;
		};
		221E62052D51442A00E3785A /* Build configuration list for PBXNativeTarget "TheCatPokedexAppTests" */ = {
			isa = XCConfigurationList;
			buildConfigurations = (
				221E62062D51442A00E3785A /* Debug */,
				221E62072D51442A00E3785A /* Release */,
			);
			defaultConfigurationIsVisible = 0;
			defaultConfigurationName = Release;
		};
		221E62082D51442A00E3785A /* Build configuration list for PBXNativeTarget "TheCatPokedexAppUITests" */ = {
			isa = XCConfigurationList;
			buildConfigurations = (
				221E62092D51442A00E3785A /* Debug */,
				221E620A2D51442A00E3785A /* Release */,
			);
			defaultConfigurationIsVisible = 0;
			defaultConfigurationName = Release;
		};
/* End XCConfigurationList section */
	};
	rootObject = 221E61D42D51442800E3785A /* Project object */;
}
